
Microsoft Visual Studio Solution File, Format Version 12.00
# Visual Studio Version 16
VisualStudioVersion = 16.0.29318.209
MinimumVisualStudioVersion = 10.0.40219.1
Project("{9A19103F-16F7-4668-BE54-9A1E7A4F7556}") = "Utils", "Utils\Utils.csproj", "{39B8EC03-F090-4416-B753-C709E6963716}"
EndProject
Project("{9A19103F-16F7-4668-BE54-9A1E7A4F7556}") = "DataClasses", "DataClasses\DataClasses.csproj", "{CAE196F9-1631-4C5C-97EA-61C2C31D596D}"
EndProject
Project("{9A19103F-16F7-4668-BE54-9A1E7A4F7556}") = "DataAggregators", "DataAggregators\DataAggregators.csproj", "{AA27523B-4212-4F34-8563-0EA443F195D5}"
EndProject
Project("{9A19103F-16F7-4668-BE54-9A1E7A4F7556}") = "DataBridge", "DataBridge\DataBridge.csproj", "{CA0A5021-2946-4848-B257-0854FC53E4FF}"
EndProject
Project("{9A19103F-16F7-4668-BE54-9A1E7A4F7556}") = "WPFUI", "WPFUI\WPFUI.csproj", "{233A1D5E-F1FC-465F-932F-3AE06D8075BA}"
EndProject
Project("{9A19103F-16F7-4668-BE54-9A1E7A4F7556}") = "DataSources", "DataSources\DataSources.csproj", "{BA6E6521-28E7-4753-816B-EE043B99C9B3}"
EndProject
Project("{9A19103F-16F7-4668-BE54-9A1E7A4F7556}") = "DataMap", "DataMap\DataMap.csproj", "{54B00B36-ABC3-4940-93AB-8D07FBBC0B4B}"
EndProject
Project("{9A19103F-16F7-4668-BE54-9A1E7A4F7556}") = "Sandbox", "Sandbox\Sandbox.csproj", "{19AB9BA4-8E06-4FAC-9371-2D4E6A5677C0}"
EndProject
Project("{9A19103F-16F7-4668-BE54-9A1E7A4F7556}") = "WinFormsUI", "WinFormsUI\WinFormsUI.csproj", "{92A9DBBF-9885-4F39-8D49-5FF720D300F7}"
EndProject
Project("{FAE04EC0-301F-11D3-BF4B-00C04F79EFBC}") = "FrameworkUI.Test", "FrameworkUI.Test\FrameworkUI.Test.csproj", "{4A3C7FA0-4430-4F9B-839E-82BC54B95ED3}"
EndProject
Project("{9A19103F-16F7-4668-BE54-9A1E7A4F7556}") = "Utils.Osm", "Utils.Osm\Utils.Osm.csproj", "{A8FBFD79-34AC-4CC7-89CA-D5022256A4B7}"
EndProject
Project("{9A19103F-16F7-4668-BE54-9A1E7A4F7556}") = "DailyXMLAggregator", "DailyXMLAggregator\DailyXMLAggregator.csproj", "{026D89CE-EBA1-407A-B742-30A5E687B98B}"
EndProject
Global
	GlobalSection(SolutionConfigurationPlatforms) = preSolution
		Debug|Any CPU = Debug|Any CPU
		Release|Any CPU = Release|Any CPU
	EndGlobalSection
	GlobalSection(ProjectConfigurationPlatforms) = postSolution
		{39B8EC03-F090-4416-B753-C709E6963716}.Debug|Any CPU.ActiveCfg = Debug|Any CPU
		{39B8EC03-F090-4416-B753-C709E6963716}.Debug|Any CPU.Build.0 = Debug|Any CPU
		{39B8EC03-F090-4416-B753-C709E6963716}.Release|Any CPU.ActiveCfg = Release|Any CPU
		{39B8EC03-F090-4416-B753-C709E6963716}.Release|Any CPU.Build.0 = Release|Any CPU
		{CAE196F9-1631-4C5C-97EA-61C2C31D596D}.Debug|Any CPU.ActiveCfg = Debug|Any CPU
		{CAE196F9-1631-4C5C-97EA-61C2C31D596D}.Debug|Any CPU.Build.0 = Debug|Any CPU
		{CAE196F9-1631-4C5C-97EA-61C2C31D596D}.Release|Any CPU.ActiveCfg = Release|Any CPU
		{CAE196F9-1631-4C5C-97EA-61C2C31D596D}.Release|Any CPU.Build.0 = Release|Any CPU
		{AA27523B-4212-4F34-8563-0EA443F195D5}.Debug|Any CPU.ActiveCfg = Debug|Any CPU
		{AA27523B-4212-4F34-8563-0EA443F195D5}.Debug|Any CPU.Build.0 = Debug|Any CPU
		{AA27523B-4212-4F34-8563-0EA443F195D5}.Release|Any CPU.ActiveCfg = Release|Any CPU
		{AA27523B-4212-4F34-8563-0EA443F195D5}.Release|Any CPU.Build.0 = Release|Any CPU
		{CA0A5021-2946-4848-B257-0854FC53E4FF}.Debug|Any CPU.ActiveCfg = Debug|Any CPU
		{CA0A5021-2946-4848-B257-0854FC53E4FF}.Debug|Any CPU.Build.0 = Debug|Any CPU
		{CA0A5021-2946-4848-B257-0854FC53E4FF}.Release|Any CPU.ActiveCfg = Release|Any CPU
		{CA0A5021-2946-4848-B257-0854FC53E4FF}.Release|Any CPU.Build.0 = Release|Any CPU
		{233A1D5E-F1FC-465F-932F-3AE06D8075BA}.Debug|Any CPU.ActiveCfg = Debug|Any CPU
		{233A1D5E-F1FC-465F-932F-3AE06D8075BA}.Debug|Any CPU.Build.0 = Debug|Any CPU
		{233A1D5E-F1FC-465F-932F-3AE06D8075BA}.Release|Any CPU.ActiveCfg = Release|Any CPU
		{233A1D5E-F1FC-465F-932F-3AE06D8075BA}.Release|Any CPU.Build.0 = Release|Any CPU
		{BA6E6521-28E7-4753-816B-EE043B99C9B3}.Debug|Any CPU.ActiveCfg = Debug|Any CPU
		{BA6E6521-28E7-4753-816B-EE043B99C9B3}.Debug|Any CPU.Build.0 = Debug|Any CPU
		{BA6E6521-28E7-4753-816B-EE043B99C9B3}.Release|Any CPU.ActiveCfg = Release|Any CPU
		{BA6E6521-28E7-4753-816B-EE043B99C9B3}.Release|Any CPU.Build.0 = Release|Any CPU
		{54B00B36-ABC3-4940-93AB-8D07FBBC0B4B}.Debug|Any CPU.ActiveCfg = Debug|Any CPU
		{54B00B36-ABC3-4940-93AB-8D07FBBC0B4B}.Debug|Any CPU.Build.0 = Debug|Any CPU
		{54B00B36-ABC3-4940-93AB-8D07FBBC0B4B}.Release|Any CPU.ActiveCfg = Release|Any CPU
		{54B00B36-ABC3-4940-93AB-8D07FBBC0B4B}.Release|Any CPU.Build.0 = Release|Any CPU
		{19AB9BA4-8E06-4FAC-9371-2D4E6A5677C0}.Debug|Any CPU.ActiveCfg = Debug|Any CPU
		{19AB9BA4-8E06-4FAC-9371-2D4E6A5677C0}.Debug|Any CPU.Build.0 = Debug|Any CPU
		{19AB9BA4-8E06-4FAC-9371-2D4E6A5677C0}.Release|Any CPU.ActiveCfg = Release|Any CPU
		{19AB9BA4-8E06-4FAC-9371-2D4E6A5677C0}.Release|Any CPU.Build.0 = Release|Any CPU
		{92A9DBBF-9885-4F39-8D49-5FF720D300F7}.Debug|Any CPU.ActiveCfg = Debug|Any CPU
		{92A9DBBF-9885-4F39-8D49-5FF720D300F7}.Debug|Any CPU.Build.0 = Debug|Any CPU
		{92A9DBBF-9885-4F39-8D49-5FF720D300F7}.Release|Any CPU.ActiveCfg = Release|Any CPU
		{92A9DBBF-9885-4F39-8D49-5FF720D300F7}.Release|Any CPU.Build.0 = Release|Any CPU
		{4A3C7FA0-4430-4F9B-839E-82BC54B95ED3}.Debug|Any CPU.ActiveCfg = Debug|Any CPU
		{4A3C7FA0-4430-4F9B-839E-82BC54B95ED3}.Debug|Any CPU.Build.0 = Debug|Any CPU
		{4A3C7FA0-4430-4F9B-839E-82BC54B95ED3}.Release|Any CPU.ActiveCfg = Release|Any CPU
		{4A3C7FA0-4430-4F9B-839E-82BC54B95ED3}.Release|Any CPU.Build.0 = Release|Any CPU
		{A8FBFD79-34AC-4CC7-89CA-D5022256A4B7}.Debug|Any CPU.ActiveCfg = Debug|Any CPU
		{A8FBFD79-34AC-4CC7-89CA-D5022256A4B7}.Debug|Any CPU.Build.0 = Debug|Any CPU
		{A8FBFD79-34AC-4CC7-89CA-D5022256A4B7}.Release|Any CPU.ActiveCfg = Release|Any CPU
		{A8FBFD79-34AC-4CC7-89CA-D5022256A4B7}.Release|Any CPU.Build.0 = Release|Any CPU
		{026D89CE-EBA1-407A-B742-30A5E687B98B}.Debug|Any CPU.ActiveCfg = Debug|Any CPU
		{026D89CE-EBA1-407A-B742-30A5E687B98B}.Debug|Any CPU.Build.0 = Debug|Any CPU
		{026D89CE-EBA1-407A-B742-30A5E687B98B}.Release|Any CPU.ActiveCfg = Release|Any CPU
		{026D89CE-EBA1-407A-B742-30A5E687B98B}.Release|Any CPU.Build.0 = Release|Any CPU
	EndGlobalSection
	GlobalSection(SolutionProperties) = preSolution
		HideSolutionNode = FALSE
	EndGlobalSection
	GlobalSection(ExtensibilityGlobals) = postSolution
		SolutionGuid = {847A9CA4-1E80-4602-8ADB-20D08A3ADCA1}
	EndGlobalSection
EndGlobal
